
Microsoft Visual Studio Solution File, Format Version 12.00
# Visual Studio 15
VisualStudioVersion = 15.0.28307.572
MinimumVisualStudioVersion = 10.0.40219.1
Project("{FAE04EC0-301F-11D3-BF4B-00C04F79EFBC}") = "ClassAttendance.Models", "ClassAttendance.Models\ClassAttendance.Models.csproj", "{4673638E-D6E3-4FF6-99A7-B30A84F5D58C}"
EndProject
Project("{FAE04EC0-301F-11D3-BF4B-00C04F79EFBC}") = "ClassAttendance.DAL", "ClassAttendance.DAL\ClassAttendance.DAL.csproj", "{18C3743E-C41E-4B1E-8297-2E38815E73A2}"
EndProject
Project("{FAE04EC0-301F-11D3-BF4B-00C04F79EFBC}") = "ClassAttendance.BLL", "ClassAttendance.BLL\ClassAttendance.BLL.csproj", "{B14A75E6-2606-462D-B39C-C02C8F60527A}"
EndProject
Project("{FAE04EC0-301F-11D3-BF4B-00C04F79EFBC}") = "ClassAttendance.Infrastructure", "ClassAttendance.Infrastructure\ClassAttendance.Infrastructure.csproj", "{3B06BF6D-3BD6-4BA6-9A26-4FB7CDAE77F6}"
EndProject
Project("{FAE04EC0-301F-11D3-BF4B-00C04F79EFBC}") = "ClassAttendance.Web", "ClassAttendance.Web\ClassAttendance.Web.csproj", "{666F4517-6D59-4499-871D-2D02A7E815DE}"
EndProject
Global
	GlobalSection(SolutionConfigurationPlatforms) = preSolution
		Debug|Any CPU = Debug|Any CPU
		Release|Any CPU = Release|Any CPU
	EndGlobalSection
	GlobalSection(ProjectConfigurationPlatforms) = postSolution
		{4673638E-D6E3-4FF6-99A7-B30A84F5D58C}.Debug|Any CPU.ActiveCfg = Debug|Any CPU
		{4673638E-D6E3-4FF6-99A7-B30A84F5D58C}.Debug|Any CPU.Build.0 = Debug|Any CPU
		{4673638E-D6E3-4FF6-99A7-B30A84F5D58C}.Release|Any CPU.ActiveCfg = Release|Any CPU
		{4673638E-D6E3-4FF6-99A7-B30A84F5D58C}.Release|Any CPU.Build.0 = Release|Any CPU
		{18C3743E-C41E-4B1E-8297-2E38815E73A2}.Debug|Any CPU.ActiveCfg = Debug|Any CPU
		{18C3743E-C41E-4B1E-8297-2E38815E73A2}.Debug|Any CPU.Build.0 = Debug|Any CPU
		{18C3743E-C41E-4B1E-8297-2E38815E73A2}.Release|Any CPU.ActiveCfg = Release|Any CPU
		{18C3743E-C41E-4B1E-8297-2E38815E73A2}.Release|Any CPU.Build.0 = Release|Any CPU
		{B14A75E6-2606-462D-B39C-C02C8F60527A}.Debug|Any CPU.ActiveCfg = Debug|Any CPU
		{B14A75E6-2606-462D-B39C-C02C8F60527A}.Debug|Any CPU.Build.0 = Debug|Any CPU
		{B14A75E6-2606-462D-B39C-C02C8F60527A}.Release|Any CPU.ActiveCfg = Release|Any CPU
		{B14A75E6-2606-462D-B39C-C02C8F60527A}.Release|Any CPU.Build.0 = Release|Any CPU
		{3B06BF6D-3BD6-4BA6-9A26-4FB7CDAE77F6}.Debug|Any CPU.ActiveCfg = Debug|Any CPU
		{3B06BF6D-3BD6-4BA6-9A26-4FB7CDAE77F6}.Debug|Any CPU.Build.0 = Debug|Any CPU
		{3B06BF6D-3BD6-4BA6-9A26-4FB7CDAE77F6}.Release|Any CPU.ActiveCfg = Release|Any CPU
		{3B06BF6D-3BD6-4BA6-9A26-4FB7CDAE77F6}.Release|Any CPU.Build.0 = Release|Any CPU
		{666F4517-6D59-4499-871D-2D02A7E815DE}.Debug|Any CPU.ActiveCfg = Debug|Any CPU
		{666F4517-6D59-4499-871D-2D02A7E815DE}.Debug|Any CPU.Build.0 = Debug|Any CPU
		{666F4517-6D59-4499-871D-2D02A7E815DE}.Release|Any CPU.ActiveCfg = Release|Any CPU
		{666F4517-6D59-4499-871D-2D02A7E815DE}.Release|Any CPU.Build.0 = Release|Any CPU
	EndGlobalSection
	GlobalSection(SolutionProperties) = preSolution
		HideSolutionNode = FALSE
	EndGlobalSection
	GlobalSection(ExtensibilityGlobals) = postSolution
		SolutionGuid = {CC597522-E48A-4663-A537-E5B8E5E54CED}
	EndGlobalSection
EndGlobal
